
Microsoft Visual Studio Solution File, Format Version 12.00
# Visual Studio Version 16
VisualStudioVersion = 16.0.34031.81
MinimumVisualStudioVersion = 10.0.40219.1
Project("{FAE04EC0-301F-11D3-BF4B-00C04F79EFBC}") = "Quitter_4_Enhanced", "Quitter_4_Enhanced\Quitter_4_Enhanced.csproj", "{22F0E214-C45F-4432-8A51-CB5A4141B8B9}"
EndProject
Global
	GlobalSection(SolutionConfigurationPlatforms) = preSolution
		Debug|Any CPU = Debug|Any CPU
		Release|Any CPU = Release|Any CPU
	EndGlobalSection
	GlobalSection(ProjectConfigurationPlatforms) = postSolution
		{22F0E214-C45F-4432-8A51-CB5A4141B8B9}.Debug|Any CPU.ActiveCfg = Debug|Any CPU
		{22F0E214-C45F-4432-8A51-CB5A4141B8B9}.Debug|Any CPU.Build.0 = Debug|Any CPU
		{22F0E214-C45F-4432-8A51-CB5A4141B8B9}.Release|Any CPU.ActiveCfg = Release|Any CPU
		{22F0E214-C45F-4432-8A51-CB5A4141B8B9}.Release|Any CPU.Build.0 = Release|Any CPU
	EndGlobalSection
	GlobalSection(SolutionProperties) = preSolution
		HideSolutionNode = FALSE
	EndGlobalSection
	GlobalSection(ExtensibilityGlobals) = postSolution
		SolutionGuid = {DA2963FE-6A5A-4CC2-8427-0ED0757EF1F7}
	EndGlobalSection
EndGlobal
